
Microsoft Visual Studio Solution File, Format Version 12.00
# Visual Studio 2012
Project("{FAE04EC0-301F-11D3-BF4B-00C04F79EFBC}") = "Delegates", "Delegates\Delegates.csproj", "{985B98A3-9A51-465C-A8DA-9448C88AB081}"
EndProject
Global
	GlobalSection(SolutionConfigurationPlatforms) = preSolution
		Debug|x86 = Debug|x86
		Release|x86 = Release|x86
	EndGlobalSection
	GlobalSection(ProjectConfigurationPlatforms) = postSolution
		{985B98A3-9A51-465C-A8DA-9448C88AB081}.Debug|x86.ActiveCfg = Debug|x86
		{985B98A3-9A51-465C-A8DA-9448C88AB081}.Debug|x86.Build.0 = Debug|x86
		{985B98A3-9A51-465C-A8DA-9448C88AB081}.Release|x86.ActiveCfg = Release|x86
		{985B98A3-9A51-465C-A8DA-9448C88AB081}.Release|x86.Build.0 = Release|x86
	EndGlobalSection
EndGlobal
